// !$*UTF8*$!
{
	archiveVersion = 1;
	classes = {
	};
	objectVersion = 50;
	objects = {

/* Begin PBXBuildFile section */
		9F267E27265ABCC100F5912B /* MovieAppApp.swift in Sources */ = {isa = PBXBuildFile; fileRef = 9F267E26265ABCC100F5912B /* MovieAppApp.swift */; };
		9F267E29265ABCC100F5912B /* HomeView.swift in Sources */ = {isa = PBXBuildFile; fileRef = 9F267E28265ABCC100F5912B /* HomeView.swift */; };
		9F267E2B265ABCC300F5912B /* Assets.xcassets in Resources */ = {isa = PBXBuildFile; fileRef = 9F267E2A265ABCC300F5912B /* Assets.xcassets */; };
		9F267E2E265ABCC300F5912B /* Preview Assets.xcassets in Resources */ = {isa = PBXBuildFile; fileRef = 9F267E2D265ABCC300F5912B /* Preview Assets.xcassets */; };
		9F267E3A265B1CD000F5912B /* MovieCellView.swift in Sources */ = {isa = PBXBuildFile; fileRef = 9F267E39265B1CD000F5912B /* MovieCellView.swift */; };
		9F267E3F265B1EA700F5912B /* MoviesCategoryView.swift in Sources */ = {isa = PBXBuildFile; fileRef = 9F267E3E265B1EA700F5912B /* MoviesCategoryView.swift */; };
		9F267E4B265B29BD00F5912B /* Movie.swift in Sources */ = {isa = PBXBuildFile; fileRef = 9F267E4A265B29BD00F5912B /* Movie.swift */; };
		9F267E4F265B2A0000F5912B /* MoviesCategory.swift in Sources */ = {isa = PBXBuildFile; fileRef = 9F267E4E265B2A0000F5912B /* MoviesCategory.swift */; };
		9F520216265B2AC400172266 /* MoviesCategoryViewModel.swift in Sources */ = {isa = PBXBuildFile; fileRef = 9F520215265B2AC400172266 /* MoviesCategoryViewModel.swift */; };
		9F52021A265B2B2200172266 /* MovieViewModel.swift in Sources */ = {isa = PBXBuildFile; fileRef = 9F520219265B2B2200172266 /* MovieViewModel.swift */; };
		9F52021F265B389500172266 /* MoviesCategoryRepository.swift in Sources */ = {isa = PBXBuildFile; fileRef = 9F52021E265B389500172266 /* MoviesCategoryRepository.swift */; };
		9F520224265B38E800172266 /* MDBNetworkService.swift in Sources */ = {isa = PBXBuildFile; fileRef = 9F520223265B38E800172266 /* MDBNetworkService.swift */; };
		9F520227265B3EF600172266 /* HomeDependencyContainer.swift in Sources */ = {isa = PBXBuildFile; fileRef = 9F520226265B3EF600172266 /* HomeDependencyContainer.swift */; };
		9F52022A265B452000172266 /* PosterRepository.swift in Sources */ = {isa = PBXBuildFile; fileRef = 9F520229265B452000172266 /* PosterRepository.swift */; };
		9F52022F265B62EF00172266 /* ShowAllView.swift in Sources */ = {isa = PBXBuildFile; fileRef = 9F52022E265B62EF00172266 /* ShowAllView.swift */; };
		9F97225F265BBADA00D54BE2 /* DetailsView.swift in Sources */ = {isa = PBXBuildFile; fileRef = 9F97225E265BBADA00D54BE2 /* DetailsView.swift */; };
		9F972265265BDF6800D54BE2 /* MovieDetails.swift in Sources */ = {isa = PBXBuildFile; fileRef = 9F972264265BDF6800D54BE2 /* MovieDetails.swift */; };
		9F972268265BE15600D54BE2 /* DetailsViewModel.swift in Sources */ = {isa = PBXBuildFile; fileRef = 9F972267265BE15600D54BE2 /* DetailsViewModel.swift */; };
		9F97226C265BED2F00D54BE2 /* MoviesDetailsRepository.swift in Sources */ = {isa = PBXBuildFile; fileRef = 9F97226B265BED2F00D54BE2 /* MoviesDetailsRepository.swift */; };
/* End PBXBuildFile section */

/* Begin PBXFileReference section */
		9F267E23265ABCC100F5912B /* MovieApp.app */ = {isa = PBXFileReference; explicitFileType = wrapper.application; includeInIndex = 0; path = MovieApp.app; sourceTree = BUILT_PRODUCTS_DIR; };
		9F267E26265ABCC100F5912B /* MovieAppApp.swift */ = {isa = PBXFileReference; lastKnownFileType = sourcecode.swift; path = MovieAppApp.swift; sourceTree = "<group>"; };
		9F267E28265ABCC100F5912B /* HomeView.swift */ = {isa = PBXFileReference; lastKnownFileType = sourcecode.swift; path = HomeView.swift; sourceTree = "<group>"; };
		9F267E2A265ABCC300F5912B /* Assets.xcassets */ = {isa = PBXFileReference; lastKnownFileType = folder.assetcatalog; path = Assets.xcassets; sourceTree = "<group>"; };
		9F267E2D265ABCC300F5912B /* Preview Assets.xcassets */ = {isa = PBXFileReference; lastKnownFileType = folder.assetcatalog; path = "Preview Assets.xcassets"; sourceTree = "<group>"; };
		9F267E2F265ABCC300F5912B /* Info.plist */ = {isa = PBXFileReference; lastKnownFileType = text.plist.xml; path = Info.plist; sourceTree = "<group>"; };
		9F267E39265B1CD000F5912B /* MovieCellView.swift */ = {isa = PBXFileReference; lastKnownFileType = sourcecode.swift; path = MovieCellView.swift; sourceTree = "<group>"; };
		9F267E3E265B1EA700F5912B /* MoviesCategoryView.swift */ = {isa = PBXFileReference; lastKnownFileType = sourcecode.swift; path = MoviesCategoryView.swift; sourceTree = "<group>"; };
		9F267E4A265B29BD00F5912B /* Movie.swift */ = {isa = PBXFileReference; lastKnownFileType = sourcecode.swift; path = Movie.swift; sourceTree = "<group>"; };
		9F267E4E265B2A0000F5912B /* MoviesCategory.swift */ = {isa = PBXFileReference; lastKnownFileType = sourcecode.swift; path = MoviesCategory.swift; sourceTree = "<group>"; };
		9F520215265B2AC400172266 /* MoviesCategoryViewModel.swift */ = {isa = PBXFileReference; lastKnownFileType = sourcecode.swift; path = MoviesCategoryViewModel.swift; sourceTree = "<group>"; };
		9F520219265B2B2200172266 /* MovieViewModel.swift */ = {isa = PBXFileReference; lastKnownFileType = sourcecode.swift; path = MovieViewModel.swift; sourceTree = "<group>"; };
		9F52021E265B389500172266 /* MoviesCategoryRepository.swift */ = {isa = PBXFileReference; lastKnownFileType = sourcecode.swift; path = MoviesCategoryRepository.swift; sourceTree = "<group>"; };
		9F520223265B38E800172266 /* MDBNetworkService.swift */ = {isa = PBXFileReference; lastKnownFileType = sourcecode.swift; path = MDBNetworkService.swift; sourceTree = "<group>"; };
		9F520226265B3EF600172266 /* HomeDependencyContainer.swift */ = {isa = PBXFileReference; lastKnownFileType = sourcecode.swift; path = HomeDependencyContainer.swift; sourceTree = "<group>"; };
		9F520229265B452000172266 /* PosterRepository.swift */ = {isa = PBXFileReference; lastKnownFileType = sourcecode.swift; path = PosterRepository.swift; sourceTree = "<group>"; };
		9F52022E265B62EF00172266 /* ShowAllView.swift */ = {isa = PBXFileReference; lastKnownFileType = sourcecode.swift; path = ShowAllView.swift; sourceTree = "<group>"; };
		9F97225E265BBADA00D54BE2 /* DetailsView.swift */ = {isa = PBXFileReference; lastKnownFileType = sourcecode.swift; path = DetailsView.swift; sourceTree = "<group>"; };
		9F972264265BDF6800D54BE2 /* MovieDetails.swift */ = {isa = PBXFileReference; lastKnownFileType = sourcecode.swift; path = MovieDetails.swift; sourceTree = "<group>"; };
		9F972267265BE15600D54BE2 /* DetailsViewModel.swift */ = {isa = PBXFileReference; lastKnownFileType = sourcecode.swift; path = DetailsViewModel.swift; sourceTree = "<group>"; };
		9F97226B265BED2F00D54BE2 /* MoviesDetailsRepository.swift */ = {isa = PBXFileReference; lastKnownFileType = sourcecode.swift; path = MoviesDetailsRepository.swift; sourceTree = "<group>"; };
/* End PBXFileReference section */

/* Begin PBXFrameworksBuildPhase section */
		9F267E20265ABCC100F5912B /* Frameworks */ = {
			isa = PBXFrameworksBuildPhase;
			buildActionMask = 2147483647;
			files = (
			);
			runOnlyForDeploymentPostprocessing = 0;
		};
/* End PBXFrameworksBuildPhase section */

/* Begin PBXGroup section */
		9F267E1A265ABCC100F5912B = {
			isa = PBXGroup;
			children = (
				9F267E25265ABCC100F5912B /* MovieApp */,
				9F267E24265ABCC100F5912B /* Products */,
			);
			sourceTree = "<group>";
		};
		9F267E24265ABCC100F5912B /* Products */ = {
			isa = PBXGroup;
			children = (
				9F267E23265ABCC100F5912B /* MovieApp.app */,
			);
			name = Products;
			sourceTree = "<group>";
		};
		9F267E25265ABCC100F5912B /* MovieApp */ = {
			isa = PBXGroup;
			children = (
				9F267E26265ABCC100F5912B /* MovieAppApp.swift */,
				9F520226265B3EF600172266 /* HomeDependencyContainer.swift */,
				9F267E37265B1CAD00F5912B /* Home */,
				9F97225D265BBAB200D54BE2 /* Details */,
				9F52022D265B629000172266 /* ShowAll */,
				9F267E43265B28DC00F5912B /* MoviesKit */,
				9F267E2A265ABCC300F5912B /* Assets.xcassets */,
				9F267E2F265ABCC300F5912B /* Info.plist */,
				9F267E2C265ABCC300F5912B /* Preview Content */,
			);
			path = MovieApp;
			sourceTree = "<group>";
		};
		9F267E2C265ABCC300F5912B /* Preview Content */ = {
			isa = PBXGroup;
			children = (
				9F267E2D265ABCC300F5912B /* Preview Assets.xcassets */,
			);
			path = "Preview Content";
			sourceTree = "<group>";
		};
		9F267E37265B1CAD00F5912B /* Home */ = {
			isa = PBXGroup;
			children = (
				9F267E28265ABCC100F5912B /* HomeView.swift */,
				9F267E3D265B1E9200F5912B /* MoviesCategory */,
				9F267E38265B1CBC00F5912B /* Cell */,
			);
			path = Home;
			sourceTree = "<group>";
		};
		9F267E38265B1CBC00F5912B /* Cell */ = {
			isa = PBXGroup;
			children = (
				9F267E39265B1CD000F5912B /* MovieCellView.swift */,
			);
			path = Cell;
			sourceTree = "<group>";
		};
		9F267E3D265B1E9200F5912B /* MoviesCategory */ = {
			isa = PBXGroup;
			children = (
				9F267E3E265B1EA700F5912B /* MoviesCategoryView.swift */,
			);
			path = MoviesCategory;
			sourceTree = "<group>";
		};
		9F267E43265B28DC00F5912B /* MoviesKit */ = {
			isa = PBXGroup;
			children = (
				9F267E44265B290E00F5912B /* UILayer */,
				9F267E45265B295600F5912B /* DataLayer */,
			);
			path = MoviesKit;
			sourceTree = "<group>";
		};
		9F267E44265B290E00F5912B /* UILayer */ = {
			isa = PBXGroup;
			children = (
				9F972261265BDBCE00D54BE2 /* Home */,
				9F972263265BDBD500D54BE2 /* Details */,
			);
			path = UILayer;
			sourceTree = "<group>";
		};
		9F267E45265B295600F5912B /* DataLayer */ = {
			isa = PBXGroup;
			children = (
				9F267E48265B298800F5912B /* Remote */,
				9F267E47265B297E00F5912B /* Repositories */,
				9F267E46265B297100F5912B /* Model */,
			);
			path = DataLayer;
			sourceTree = "<group>";
		};
		9F267E46265B297100F5912B /* Model */ = {
			isa = PBXGroup;
			children = (
				9F267E4A265B29BD00F5912B /* Movie.swift */,
				9F267E4E265B2A0000F5912B /* MoviesCategory.swift */,
				9F972264265BDF6800D54BE2 /* MovieDetails.swift */,
			);
			path = Model;
			sourceTree = "<group>";
		};
		9F267E47265B297E00F5912B /* Repositories */ = {
			isa = PBXGroup;
			children = (
				9F97226A265BED1900D54BE2 /* MoviesDetailsRepository */,
				9F520221265B38A800172266 /* MoviesCategoryRepository */,
			);
			path = Repositories;
			sourceTree = "<group>";
		};
		9F267E48265B298800F5912B /* Remote */ = {
			isa = PBXGroup;
			children = (
				9F520223265B38E800172266 /* MDBNetworkService.swift */,
			);
			path = Remote;
			sourceTree = "<group>";
		};
		9F520221265B38A800172266 /* MoviesCategoryRepository */ = {
			isa = PBXGroup;
			children = (
				9F52021E265B389500172266 /* MoviesCategoryRepository.swift */,
				9F520229265B452000172266 /* PosterRepository.swift */,
			);
			path = MoviesCategoryRepository;
			sourceTree = "<group>";
		};
		9F52022D265B629000172266 /* ShowAll */ = {
			isa = PBXGroup;
			children = (
				9F52022E265B62EF00172266 /* ShowAllView.swift */,
			);
			path = ShowAll;
			sourceTree = "<group>";
		};
		9F97225D265BBAB200D54BE2 /* Details */ = {
			isa = PBXGroup;
			children = (
				9F97225E265BBADA00D54BE2 /* DetailsView.swift */,
			);
			path = Details;
			sourceTree = "<group>";
		};
		9F972261265BDBCE00D54BE2 /* Home */ = {
			isa = PBXGroup;
			children = (
				9F520215265B2AC400172266 /* MoviesCategoryViewModel.swift */,
				9F520219265B2B2200172266 /* MovieViewModel.swift */,
			);
			path = Home;
			sourceTree = "<group>";
		};
		9F972263265BDBD500D54BE2 /* Details */ = {
			isa = PBXGroup;
			children = (
				9F972267265BE15600D54BE2 /* DetailsViewModel.swift */,
			);
			path = Details;
			sourceTree = "<group>";
		};
		9F97226A265BED1900D54BE2 /* MoviesDetailsRepository */ = {
			isa = PBXGroup;
			children = (
				9F97226B265BED2F00D54BE2 /* MoviesDetailsRepository.swift */,
			);
			path = MoviesDetailsRepository;
			sourceTree = "<group>";
		};
/* End PBXGroup section */

/* Begin PBXNativeTarget section */
		9F267E22265ABCC100F5912B /* MovieApp */ = {
			isa = PBXNativeTarget;
			buildConfigurationList = 9F267E32265ABCC300F5912B /* Build configuration list for PBXNativeTarget "MovieApp" */;
			buildPhases = (
				9F267E1F265ABCC100F5912B /* Sources */,
				9F267E20265ABCC100F5912B /* Frameworks */,
				9F267E21265ABCC100F5912B /* Resources */,
			);
			buildRules = (
			);
			dependencies = (
			);
			name = MovieApp;
			productName = MovieApp;
			productReference = 9F267E23265ABCC100F5912B /* MovieApp.app */;
			productType = "com.apple.product-type.application";
		};
/* End PBXNativeTarget section */

/* Begin PBXProject section */
		9F267E1B265ABCC100F5912B /* Project object */ = {
			isa = PBXProject;
			attributes = {
				LastSwiftUpdateCheck = 1240;
				LastUpgradeCheck = 1240;
				TargetAttributes = {
					9F267E22265ABCC100F5912B = {
						CreatedOnToolsVersion = 12.4;
					};
				};
			};
			buildConfigurationList = 9F267E1E265ABCC100F5912B /* Build configuration list for PBXProject "MovieApp" */;
			compatibilityVersion = "Xcode 9.3";
			developmentRegion = en;
			hasScannedForEncodings = 0;
			knownRegions = (
				en,
				Base,
			);
			mainGroup = 9F267E1A265ABCC100F5912B;
			productRefGroup = 9F267E24265ABCC100F5912B /* Products */;
			projectDirPath = "";
			projectRoot = "";
			targets = (
				9F267E22265ABCC100F5912B /* MovieApp */,
			);
		};
/* End PBXProject section */

/* Begin PBXResourcesBuildPhase section */
		9F267E21265ABCC100F5912B /* Resources */ = {
			isa = PBXResourcesBuildPhase;
			buildActionMask = 2147483647;
			files = (
				9F267E2E265ABCC300F5912B /* Preview Assets.xcassets in Resources */,
				9F267E2B265ABCC300F5912B /* Assets.xcassets in Resources */,
			);
			runOnlyForDeploymentPostprocessing = 0;
		};
/* End PBXResourcesBuildPhase section */

/* Begin PBXSourcesBuildPhase section */
		9F267E1F265ABCC100F5912B /* Sources */ = {
			isa = PBXSourcesBuildPhase;
			buildActionMask = 2147483647;
			files = (
				9F267E3F265B1EA700F5912B /* MoviesCategoryView.swift in Sources */,
				9F97225F265BBADA00D54BE2 /* DetailsView.swift in Sources */,
				9F52021F265B389500172266 /* MoviesCategoryRepository.swift in Sources */,
				9F972268265BE15600D54BE2 /* DetailsViewModel.swift in Sources */,
				9F267E29265ABCC100F5912B /* HomeView.swift in Sources */,
				9F52021A265B2B2200172266 /* MovieViewModel.swift in Sources */,
				9F520227265B3EF600172266 /* HomeDependencyContainer.swift in Sources */,
				9F520216265B2AC400172266 /* MoviesCategoryViewModel.swift in Sources */,
				9F52022F265B62EF00172266 /* ShowAllView.swift in Sources */,
				9F972265265BDF6800D54BE2 /* MovieDetails.swift in Sources */,
				9F267E4F265B2A0000F5912B /* MoviesCategory.swift in Sources */,
				9F267E3A265B1CD000F5912B /* MovieCellView.swift in Sources */,
				9F520224265B38E800172266 /* MDBNetworkService.swift in Sources */,
				9F97226C265BED2F00D54BE2 /* MoviesDetailsRepository.swift in Sources */,
				9F267E27265ABCC100F5912B /* MovieAppApp.swift in Sources */,
				9F52022A265B452000172266 /* PosterRepository.swift in Sources */,
				9F267E4B265B29BD00F5912B /* Movie.swift in Sources */,
			);
			runOnlyForDeploymentPostprocessing = 0;
		};
/* End PBXSourcesBuildPhase section */

/* Begin XCBuildConfiguration section */
		9F267E30265ABCC300F5912B /* Debug */ = {
			isa = XCBuildConfiguration;
			buildSettings = {
				ALWAYS_SEARCH_USER_PATHS = NO;
				CLANG_ANALYZER_NONNULL = YES;
				CLANG_ANALYZER_NUMBER_OBJECT_CONVERSION = YES_AGGRESSIVE;
				CLANG_CXX_LANGUAGE_STANDARD = "gnu++14";
				CLANG_CXX_LIBRARY = "libc++";
				CLANG_ENABLE_MODULES = YES;
				CLANG_ENABLE_OBJC_ARC = YES;
				CLANG_ENABLE_OBJC_WEAK = YES;
				CLANG_WARN_BLOCK_CAPTURE_AUTORELEASING = YES;
				CLANG_WARN_BOOL_CONVERSION = YES;
				CLANG_WARN_COMMA = YES;
				CLANG_WARN_CONSTANT_CONVERSION = YES;
				CLANG_WARN_DEPRECATED_OBJC_IMPLEMENTATIONS = YES;
				CLANG_WARN_DIRECT_OBJC_ISA_USAGE = YES_ERROR;
				CLANG_WARN_DOCUMENTATION_COMMENTS = YES;
				CLANG_WARN_EMPTY_BODY = YES;
				CLANG_WARN_ENUM_CONVERSION = YES;
				CLANG_WARN_INFINITE_RECURSION = YES;
				CLANG_WARN_INT_CONVERSION = YES;
				CLANG_WARN_NON_LITERAL_NULL_CONVERSION = YES;
				CLANG_WARN_OBJC_IMPLICIT_RETAIN_SELF = YES;
				CLANG_WARN_OBJC_LITERAL_CONVERSION = YES;
				CLANG_WARN_OBJC_ROOT_CLASS = YES_ERROR;
				CLANG_WARN_QUOTED_INCLUDE_IN_FRAMEWORK_HEADER = YES;
				CLANG_WARN_RANGE_LOOP_ANALYSIS = YES;
				CLANG_WARN_STRICT_PROTOTYPES = YES;
				CLANG_WARN_SUSPICIOUS_MOVE = YES;
				CLANG_WARN_UNGUARDED_AVAILABILITY = YES_AGGRESSIVE;
				CLANG_WARN_UNREACHABLE_CODE = YES;
				CLANG_WARN__DUPLICATE_METHOD_MATCH = YES;
				COPY_PHASE_STRIP = NO;
				DEBUG_INFORMATION_FORMAT = dwarf;
				ENABLE_STRICT_OBJC_MSGSEND = YES;
				ENABLE_TESTABILITY = YES;
				GCC_C_LANGUAGE_STANDARD = gnu11;
				GCC_DYNAMIC_NO_PIC = NO;
				GCC_NO_COMMON_BLOCKS = YES;
				GCC_OPTIMIZATION_LEVEL = 0;
				GCC_PREPROCESSOR_DEFINITIONS = (
					"DEBUG=1",
					"$(inherited)",
				);
				GCC_WARN_64_TO_32_BIT_CONVERSION = YES;
				GCC_WARN_ABOUT_RETURN_TYPE = YES_ERROR;
				GCC_WARN_UNDECLARED_SELECTOR = YES;
				GCC_WARN_UNINITIALIZED_AUTOS = YES_AGGRESSIVE;
				GCC_WARN_UNUSED_FUNCTION = YES;
				GCC_WARN_UNUSED_VARIABLE = YES;
				IPHONEOS_DEPLOYMENT_TARGET = 14.4;
				MTL_ENABLE_DEBUG_INFO = INCLUDE_SOURCE;
				MTL_FAST_MATH = YES;
				ONLY_ACTIVE_ARCH = YES;
				SDKROOT = iphoneos;
				SWIFT_ACTIVE_COMPILATION_CONDITIONS = DEBUG;
				SWIFT_OPTIMIZATION_LEVEL = "-Onone";
			};
			name = Debug;
		};
		9F267E31265ABCC300F5912B /* Release */ = {
			isa = XCBuildConfiguration;
			buildSettings = {
				ALWAYS_SEARCH_USER_PATHS = NO;
				CLANG_ANALYZER_NONNULL = YES;
				CLANG_ANALYZER_NUMBER_OBJECT_CONVERSION = YES_AGGRESSIVE;
				CLANG_CXX_LANGUAGE_STANDARD = "gnu++14";
				CLANG_CXX_LIBRARY = "libc++";
				CLANG_ENABLE_MODULES = YES;
				CLANG_ENABLE_OBJC_ARC = YES;
				CLANG_ENABLE_OBJC_WEAK = YES;
				CLANG_WARN_BLOCK_CAPTURE_AUTORELEASING = YES;
				CLANG_WARN_BOOL_CONVERSION = YES;
				CLANG_WARN_COMMA = YES;
				CLANG_WARN_CONSTANT_CONVERSION = YES;
				CLANG_WARN_DEPRECATED_OBJC_IMPLEMENTATIONS = YES;
				CLANG_WARN_DIRECT_OBJC_ISA_USAGE = YES_ERROR;
				CLANG_WARN_DOCUMENTATION_COMMENTS = YES;
				CLANG_WARN_EMPTY_BODY = YES;
				CLANG_WARN_ENUM_CONVERSION = YES;
				CLANG_WARN_INFINITE_RECURSION = YES;
				CLANG_WARN_INT_CONVERSION = YES;
				CLANG_WARN_NON_LITERAL_NULL_CONVERSION = YES;
				CLANG_WARN_OBJC_IMPLICIT_RETAIN_SELF = YES;
				CLANG_WARN_OBJC_LITERAL_CONVERSION = YES;
				CLANG_WARN_OBJC_ROOT_CLASS = YES_ERROR;
				CLANG_WARN_QUOTED_INCLUDE_IN_FRAMEWORK_HEADER = YES;
				CLANG_WARN_RANGE_LOOP_ANALYSIS = YES;
				CLANG_WARN_STRICT_PROTOTYPES = YES;
				CLANG_WARN_SUSPICIOUS_MOVE = YES;
				CLANG_WARN_UNGUARDED_AVAILABILITY = YES_AGGRESSIVE;
				CLANG_WARN_UNREACHABLE_CODE = YES;
				CLANG_WARN__DUPLICATE_METHOD_MATCH = YES;
				COPY_PHASE_STRIP = NO;
				DEBUG_INFORMATION_FORMAT = "dwarf-with-dsym";
				ENABLE_NS_ASSERTIONS = NO;
				ENABLE_STRICT_OBJC_MSGSEND = YES;
				GCC_C_LANGUAGE_STANDARD = gnu11;
				GCC_NO_COMMON_BLOCKS = YES;
				GCC_WARN_64_TO_32_BIT_CONVERSION = YES;
				GCC_WARN_ABOUT_RETURN_TYPE = YES_ERROR;
				GCC_WARN_UNDECLARED_SELECTOR = YES;
				GCC_WARN_UNINITIALIZED_AUTOS = YES_AGGRESSIVE;
				GCC_WARN_UNUSED_FUNCTION = YES;
				GCC_WARN_UNUSED_VARIABLE = YES;
				IPHONEOS_DEPLOYMENT_TARGET = 14.4;
				MTL_ENABLE_DEBUG_INFO = NO;
				MTL_FAST_MATH = YES;
				SDKROOT = iphoneos;
				SWIFT_COMPILATION_MODE = wholemodule;
				SWIFT_OPTIMIZATION_LEVEL = "-O";
				VALIDATE_PRODUCT = YES;
			};
			name = Release;
		};
		9F267E33265ABCC300F5912B /* Debug */ = {
			isa = XCBuildConfiguration;
			buildSettings = {
				ASSETCATALOG_COMPILER_APPICON_NAME = AppIcon;
				ASSETCATALOG_COMPILER_GLOBAL_ACCENT_COLOR_NAME = AccentColor;
				CODE_SIGN_STYLE = Automatic;
				DEVELOPMENT_ASSET_PATHS = "\"MovieApp/Preview Content\"";
				DEVELOPMENT_TEAM = AHJJ77N3U7;
				ENABLE_PREVIEWS = YES;
				INFOPLIST_FILE = MovieApp/Info.plist;
				IPHONEOS_DEPLOYMENT_TARGET = 14.0;
				LD_RUNPATH_SEARCH_PATHS = (
					"$(inherited)",
					"@executable_path/Frameworks",
				);
				PRODUCT_BUNDLE_IDENTIFIER = n.MovieApp;
				PRODUCT_NAME = "$(TARGET_NAME)";
				SWIFT_VERSION = 5.0;
				TARGETED_DEVICE_FAMILY = "1,2";
			};
			name = Debug;
		};
		9F267E34265ABCC300F5912B /* Release */ = {
			isa = XCBuildConfiguration;
			buildSettings = {
				ASSETCATALOG_COMPILER_APPICON_NAME = AppIcon;
				ASSETCATALOG_COMPILER_GLOBAL_ACCENT_COLOR_NAME = AccentColor;
				CODE_SIGN_STYLE = Automatic;
				DEVELOPMENT_ASSET_PATHS = "\"MovieApp/Preview Content\"";
				DEVELOPMENT_TEAM = AHJJ77N3U7;
				ENABLE_PREVIEWS = YES;
				INFOPLIST_FILE = MovieApp/Info.plist;
				IPHONEOS_DEPLOYMENT_TARGET = 14.0;
				LD_RUNPATH_SEARCH_PATHS = (
					"$(inherited)",
					"@executable_path/Frameworks",
				);
				PRODUCT_BUNDLE_IDENTIFIER = n.MovieApp;
				PRODUCT_NAME = "$(TARGET_NAME)";
				SWIFT_VERSION = 5.0;
				TARGETED_DEVICE_FAMILY = "1,2";
			};
			name = Release;
		};
/* End XCBuildConfiguration section */

/* Begin XCConfigurationList section */
		9F267E1E265ABCC100F5912B /* Build configuration list for PBXProject "MovieApp" */ = {
			isa = XCConfigurationList;
			buildConfigurations = (
				9F267E30265ABCC300F5912B /* Debug */,
				9F267E31265ABCC300F5912B /* Release */,
			);
			defaultConfigurationIsVisible = 0;
			defaultConfigurationName = Release;
		};
		9F267E32265ABCC300F5912B /* Build configuration list for PBXNativeTarget "MovieApp" */ = {
			isa = XCConfigurationList;
			buildConfigurations = (
				9F267E33265ABCC300F5912B /* Debug */,
				9F267E34265ABCC300F5912B /* Release */,
			);
			defaultConfigurationIsVisible = 0;
			defaultConfigurationName = Release;
		};
/* End XCConfigurationList section */
	};
	rootObject = 9F267E1B265ABCC100F5912B /* Project object */;
}
